
Microsoft Visual Studio Solution File, Format Version 12.00
Project("{FAE04EC0-301F-11D3-BF4B-00C04F79EFBC}") = "WolverineIssueTransactional", "WolverineIssueTransactional\WolverineIssueTransactional.csproj", "{490A7038-1C33-41B4-B3CC-1C15F972EB29}"
EndProject
Global
	GlobalSection(SolutionConfigurationPlatforms) = preSolution
		Debug|Any CPU = Debug|Any CPU
		Release|Any CPU = Release|Any CPU
	EndGlobalSection
	GlobalSection(ProjectConfigurationPlatforms) = postSolution
		{490A7038-1C33-41B4-B3CC-1C15F972EB29}.Debug|Any CPU.ActiveCfg = Debug|Any CPU
		{490A7038-1C33-41B4-B3CC-1C15F972EB29}.Debug|Any CPU.Build.0 = Debug|Any CPU
		{490A7038-1C33-41B4-B3CC-1C15F972EB29}.Release|Any CPU.ActiveCfg = Release|Any CPU
		{490A7038-1C33-41B4-B3CC-1C15F972EB29}.Release|Any CPU.Build.0 = Release|Any CPU
	EndGlobalSection
EndGlobal
